
Microsoft Visual Studio Solution File, Format Version 12.00
# Visual Studio 2013
VisualStudioVersion = 12.0.21005.1
MinimumVisualStudioVersion = 10.0.40219.1
Project("{8BC9CEB8-8B4A-11D0-8D11-00A0C91BC942}") = "test_19_09_22", "test_19_09_22\test_19_09_22.vcxproj", "{4F60B37F-30F0-4733-BF11-C0D8CE50A0D3}"
EndProject
Global
	GlobalSection(SolutionConfigurationPlatforms) = preSolution
		Debug|Win32 = Debug|Win32
		Release|Win32 = Release|Win32
	EndGlobalSection
	GlobalSection(ProjectConfigurationPlatforms) = postSolution
		{4F60B37F-30F0-4733-BF11-C0D8CE50A0D3}.Debug|Win32.ActiveCfg = Debug|Win32
		{4F60B37F-30F0-4733-BF11-C0D8CE50A0D3}.Debug|Win32.Build.0 = Debug|Win32
		{4F60B37F-30F0-4733-BF11-C0D8CE50A0D3}.Release|Win32.ActiveCfg = Release|Win32
		{4F60B37F-30F0-4733-BF11-C0D8CE50A0D3}.Release|Win32.Build.0 = Release|Win32
	EndGlobalSection
	GlobalSection(SolutionProperties) = preSolution
		HideSolutionNode = FALSE
	EndGlobalSection
EndGlobal
