
Microsoft Visual Studio Solution File, Format Version 12.00
# Visual Studio 2013
VisualStudioVersion = 12.0.21005.1
MinimumVisualStudioVersion = 10.0.40219.1
Project("{8BC9CEB8-8B4A-11D0-8D11-00A0C91BC942}") = "test_19_08_23", "test_19_08_23\test_19_08_23.vcxproj", "{36A68A61-5033-4EFB-83F6-5889C0A1FCFB}"
EndProject
Global
	GlobalSection(SolutionConfigurationPlatforms) = preSolution
		Debug|Win32 = Debug|Win32
		Release|Win32 = Release|Win32
	EndGlobalSection
	GlobalSection(ProjectConfigurationPlatforms) = postSolution
		{36A68A61-5033-4EFB-83F6-5889C0A1FCFB}.Debug|Win32.ActiveCfg = Debug|Win32
		{36A68A61-5033-4EFB-83F6-5889C0A1FCFB}.Debug|Win32.Build.0 = Debug|Win32
		{36A68A61-5033-4EFB-83F6-5889C0A1FCFB}.Release|Win32.ActiveCfg = Release|Win32
		{36A68A61-5033-4EFB-83F6-5889C0A1FCFB}.Release|Win32.Build.0 = Release|Win32
	EndGlobalSection
	GlobalSection(SolutionProperties) = preSolution
		HideSolutionNode = FALSE
	EndGlobalSection
EndGlobal
